// !$*UTF8*$!
{
	archiveVersion = 1;
	classes = {
	};
	objectVersion = 46;
	objects = {

/* Begin PBXBuildFile section */
		BA4CD1E1B92DF1887CB1AB58 /* ArtworkDownloader.swift in Sources */ = {isa = PBXBuildFile; fileRef = BA4CD062B798D2306C2A02DE /* ArtworkDownloader.swift */; };
		BA4CD1E605A77A913A7985EC /* ITunesError.swift in Sources */ = {isa = PBXBuildFile; fileRef = BA4CD4BF95E57731BF9DC9E9 /* ITunesError.swift */; };
		BA4CD1F02CFDF4F281AC3F60 /* AlbumDetailController.swift in Sources */ = {isa = PBXBuildFile; fileRef = BA4CDB42C3ABF6FC5B846016 /* AlbumDetailController.swift */; };
		BA4CD1FCEA90CC95F75F6F26 /* iTunesEntity.swift in Sources */ = {isa = PBXBuildFile; fileRef = BA4CD20F1F7960A1F533136E /* iTunesEntity.swift */; };
		BA4CD2086B4B61B6983603D3 /* iTuneMedia.swift in Sources */ = {isa = PBXBuildFile; fileRef = BA4CDB4FC3C376EA822B2D89 /* iTuneMedia.swift */; };
		BA4CD3FF0D01462E1E3AE1F4 /* QueryItemProvider.swift in Sources */ = {isa = PBXBuildFile; fileRef = BA4CDAADE516EADDBF95C159 /* QueryItemProvider.swift */; };
		BA4CD40674189D3EC26B4941 /* ItunesAttributes.swift in Sources */ = {isa = PBXBuildFile; fileRef = BA4CD39B75EEF1EF7E45BEBA /* ItunesAttributes.swift */; };
		BA4CD5108371BE5ED414C356 /* Endpoint.swift in Sources */ = {isa = PBXBuildFile; fileRef = BA4CDC3E14ADFA6EC266E7F5 /* Endpoint.swift */; };
		BA4CD5B45B9FC4CB0CC1CE55 /* SearchResultsDataSource.swift in Sources */ = {isa = PBXBuildFile; fileRef = BA4CD4C7CF66CC5A0F8A871A /* SearchResultsDataSource.swift */; };
		BA4CD62FD189C33263501E52 /* ViewController.swift in Sources */ = {isa = PBXBuildFile; fileRef = BA4CD31107D4EC398A36C345 /* ViewController.swift */; };
		BA4CD74ADF706E4648185092 /* ItunesAPIClient.swift in Sources */ = {isa = PBXBuildFile; fileRef = BA4CD71BDC226D2CAAEDACAC /* ItunesAPIClient.swift */; };
		BA4CD7B6890834874488D568 /* AlbumCell.swift in Sources */ = {isa = PBXBuildFile; fileRef = BA4CD8390F29F39E355219A9 /* AlbumCell.swift */; };
		BA4CD89F02D3CEA28CE35EE9 /* AlbumListController.swift in Sources */ = {isa = PBXBuildFile; fileRef = BA4CD688A087E2F6CBCE8303 /* AlbumListController.swift */; };
		BA4CD8EE6FE6C28360E51B4A /* SearchResultsController.swift in Sources */ = {isa = PBXBuildFile; fileRef = BA4CD1FFDB5ADC0E7C539C94 /* SearchResultsController.swift */; };
		BA4CDA6E32C0FB6958F7DB16 /* AlbumDetailViewModel.swift in Sources */ = {isa = PBXBuildFile; fileRef = BA4CD8A86E6E9ECB3C1967A0 /* AlbumDetailViewModel.swift */; };
		BA4CDAE60740D21F2420D94A /* AlbumDetailDataSource.swift in Sources */ = {isa = PBXBuildFile; fileRef = BA4CDFB8580766F281D15D1E /* AlbumDetailDataSource.swift */; };
		BA4CDC17A6575D60F137DC29 /* SongViewModel.swift in Sources */ = {isa = PBXBuildFile; fileRef = BA4CD320A0FB38D27D59C59E /* SongViewModel.swift */; };
		BA4CDC9ECFF5823F34CEC6E4 /* PendingOperations.swift in Sources */ = {isa = PBXBuildFile; fileRef = BA4CD7F59229994BAF8BAE0F /* PendingOperations.swift */; };
		BA4CDCA90796F920A3A72836 /* AlbumListDataSource.swift in Sources */ = {isa = PBXBuildFile; fileRef = BA4CDDD479B094662223B098 /* AlbumListDataSource.swift */; };
		BA4CDD04F48F5D50211088DC /* SongCell.swift in Sources */ = {isa = PBXBuildFile; fileRef = BA4CDCAFC4287089FCB6792A /* SongCell.swift */; };
		BA4CDD3527DC90047D91AA7A /* AlbumCellViewModel.swift in Sources */ = {isa = PBXBuildFile; fileRef = BA4CD181AABE944218961907 /* AlbumCellViewModel.swift */; };
		BA4CDE2D3C4A0ACE8093E511 /* JSONDownloader.swift in Sources */ = {isa = PBXBuildFile; fileRef = BA4CDA89E70C507803AE6ADA /* JSONDownloader.swift */; };
		BE079F3E1E8D66C700006005 /* AppDelegate.swift in Sources */ = {isa = PBXBuildFile; fileRef = BE079F3D1E8D66C700006005 /* AppDelegate.swift */; };
		BE079F431E8D66C700006005 /* Main.storyboard in Resources */ = {isa = PBXBuildFile; fileRef = BE079F411E8D66C700006005 /* Main.storyboard */; };
		BE079F451E8D66C700006005 /* Assets.xcassets in Resources */ = {isa = PBXBuildFile; fileRef = BE079F441E8D66C700006005 /* Assets.xcassets */; };
		BE079F481E8D66C700006005 /* LaunchScreen.storyboard in Resources */ = {isa = PBXBuildFile; fileRef = BE079F461E8D66C700006005 /* LaunchScreen.storyboard */; };
		BE079F531E8D670100006005 /* Artist.swift in Sources */ = {isa = PBXBuildFile; fileRef = BE079F521E8D670100006005 /* Artist.swift */; };
		BE079F551E8D67B700006005 /* Genre.swift in Sources */ = {isa = PBXBuildFile; fileRef = BE079F541E8D67B700006005 /* Genre.swift */; };
		BE079F571E8D682B00006005 /* Album.swift in Sources */ = {isa = PBXBuildFile; fileRef = BE079F561E8D682B00006005 /* Album.swift */; };
		BE079F591E8DA2C100006005 /* Song.swift in Sources */ = {isa = PBXBuildFile; fileRef = BE079F581E8DA2C100006005 /* Song.swift */; };
		BE079F5B1E8DA4CF00006005 /* Stub.swift in Sources */ = {isa = PBXBuildFile; fileRef = BE079F5A1E8DA4CF00006005 /* Stub.swift */; };
/* End PBXBuildFile section */

/* Begin PBXFileReference section */
		BA4CD062B798D2306C2A02DE /* ArtworkDownloader.swift */ = {isa = PBXFileReference; fileEncoding = 4; lastKnownFileType = sourcecode.swift; path = ArtworkDownloader.swift; sourceTree = "<group>"; };
		BA4CD181AABE944218961907 /* AlbumCellViewModel.swift */ = {isa = PBXFileReference; fileEncoding = 4; lastKnownFileType = sourcecode.swift; path = AlbumCellViewModel.swift; sourceTree = "<group>"; };
		BA4CD1FFDB5ADC0E7C539C94 /* SearchResultsController.swift */ = {isa = PBXFileReference; fileEncoding = 4; lastKnownFileType = sourcecode.swift; path = SearchResultsController.swift; sourceTree = "<group>"; };
		BA4CD20F1F7960A1F533136E /* iTunesEntity.swift */ = {isa = PBXFileReference; fileEncoding = 4; lastKnownFileType = sourcecode.swift; path = iTunesEntity.swift; sourceTree = "<group>"; };
		BA4CD31107D4EC398A36C345 /* ViewController.swift */ = {isa = PBXFileReference; fileEncoding = 4; lastKnownFileType = sourcecode.swift; path = ViewController.swift; sourceTree = "<group>"; };
		BA4CD320A0FB38D27D59C59E /* SongViewModel.swift */ = {isa = PBXFileReference; fileEncoding = 4; lastKnownFileType = sourcecode.swift; path = SongViewModel.swift; sourceTree = "<group>"; };
		BA4CD39B75EEF1EF7E45BEBA /* ItunesAttributes.swift */ = {isa = PBXFileReference; fileEncoding = 4; lastKnownFileType = sourcecode.swift; path = ItunesAttributes.swift; sourceTree = "<group>"; };
		BA4CD4BF95E57731BF9DC9E9 /* ITunesError.swift */ = {isa = PBXFileReference; fileEncoding = 4; lastKnownFileType = sourcecode.swift; path = ITunesError.swift; sourceTree = "<group>"; };
		BA4CD4C7CF66CC5A0F8A871A /* SearchResultsDataSource.swift */ = {isa = PBXFileReference; fileEncoding = 4; lastKnownFileType = sourcecode.swift; path = SearchResultsDataSource.swift; sourceTree = "<group>"; };
		BA4CD688A087E2F6CBCE8303 /* AlbumListController.swift */ = {isa = PBXFileReference; fileEncoding = 4; lastKnownFileType = sourcecode.swift; path = AlbumListController.swift; sourceTree = "<group>"; };
		BA4CD71BDC226D2CAAEDACAC /* ItunesAPIClient.swift */ = {isa = PBXFileReference; fileEncoding = 4; lastKnownFileType = sourcecode.swift; path = ItunesAPIClient.swift; sourceTree = "<group>"; };
		BA4CD7F59229994BAF8BAE0F /* PendingOperations.swift */ = {isa = PBXFileReference; fileEncoding = 4; lastKnownFileType = sourcecode.swift; path = PendingOperations.swift; sourceTree = "<group>"; };
		BA4CD8390F29F39E355219A9 /* AlbumCell.swift */ = {isa = PBXFileReference; fileEncoding = 4; lastKnownFileType = sourcecode.swift; path = AlbumCell.swift; sourceTree = "<group>"; };
		BA4CD8A86E6E9ECB3C1967A0 /* AlbumDetailViewModel.swift */ = {isa = PBXFileReference; fileEncoding = 4; lastKnownFileType = sourcecode.swift; path = AlbumDetailViewModel.swift; sourceTree = "<group>"; };
		BA4CDA89E70C507803AE6ADA /* JSONDownloader.swift */ = {isa = PBXFileReference; fileEncoding = 4; lastKnownFileType = sourcecode.swift; path = JSONDownloader.swift; sourceTree = "<group>"; };
		BA4CDAADE516EADDBF95C159 /* QueryItemProvider.swift */ = {isa = PBXFileReference; fileEncoding = 4; lastKnownFileType = sourcecode.swift; path = QueryItemProvider.swift; sourceTree = "<group>"; };
		BA4CDB42C3ABF6FC5B846016 /* AlbumDetailController.swift */ = {isa = PBXFileReference; fileEncoding = 4; lastKnownFileType = sourcecode.swift; path = AlbumDetailController.swift; sourceTree = "<group>"; };
		BA4CDB4FC3C376EA822B2D89 /* iTuneMedia.swift */ = {isa = PBXFileReference; fileEncoding = 4; lastKnownFileType = sourcecode.swift; path = iTuneMedia.swift; sourceTree = "<group>"; };
		BA4CDC3E14ADFA6EC266E7F5 /* Endpoint.swift */ = {isa = PBXFileReference; fileEncoding = 4; lastKnownFileType = sourcecode.swift; path = Endpoint.swift; sourceTree = "<group>"; };
		BA4CDCAFC4287089FCB6792A /* SongCell.swift */ = {isa = PBXFileReference; fileEncoding = 4; lastKnownFileType = sourcecode.swift; path = SongCell.swift; sourceTree = "<group>"; };
		BA4CDDD479B094662223B098 /* AlbumListDataSource.swift */ = {isa = PBXFileReference; fileEncoding = 4; lastKnownFileType = sourcecode.swift; path = AlbumListDataSource.swift; sourceTree = "<group>"; };
		BA4CDFB8580766F281D15D1E /* AlbumDetailDataSource.swift */ = {isa = PBXFileReference; fileEncoding = 4; lastKnownFileType = sourcecode.swift; path = AlbumDetailDataSource.swift; sourceTree = "<group>"; };
		BE079F3A1E8D66C700006005 /* iTunesClient.app */ = {isa = PBXFileReference; explicitFileType = wrapper.application; includeInIndex = 0; path = iTunesClient.app; sourceTree = BUILT_PRODUCTS_DIR; };
		BE079F3D1E8D66C700006005 /* AppDelegate.swift */ = {isa = PBXFileReference; lastKnownFileType = sourcecode.swift; path = AppDelegate.swift; sourceTree = "<group>"; };
		BE079F421E8D66C700006005 /* Base */ = {isa = PBXFileReference; lastKnownFileType = file.storyboard; name = Base; path = Base.lproj/Main.storyboard; sourceTree = "<group>"; };
		BE079F441E8D66C700006005 /* Assets.xcassets */ = {isa = PBXFileReference; lastKnownFileType = folder.assetcatalog; path = Assets.xcassets; sourceTree = "<group>"; };
		BE079F471E8D66C700006005 /* Base */ = {isa = PBXFileReference; lastKnownFileType = file.storyboard; name = Base; path = Base.lproj/LaunchScreen.storyboard; sourceTree = "<group>"; };
		BE079F491E8D66C700006005 /* Info.plist */ = {isa = PBXFileReference; lastKnownFileType = text.plist.xml; path = Info.plist; sourceTree = "<group>"; };
		BE079F521E8D670100006005 /* Artist.swift */ = {isa = PBXFileReference; fileEncoding = 4; lastKnownFileType = sourcecode.swift; path = Artist.swift; sourceTree = "<group>"; };
		BE079F541E8D67B700006005 /* Genre.swift */ = {isa = PBXFileReference; fileEncoding = 4; lastKnownFileType = sourcecode.swift; path = Genre.swift; sourceTree = "<group>"; };
		BE079F561E8D682B00006005 /* Album.swift */ = {isa = PBXFileReference; fileEncoding = 4; lastKnownFileType = sourcecode.swift; path = Album.swift; sourceTree = "<group>"; };
		BE079F581E8DA2C100006005 /* Song.swift */ = {isa = PBXFileReference; fileEncoding = 4; lastKnownFileType = sourcecode.swift; path = Song.swift; sourceTree = "<group>"; };
		BE079F5A1E8DA4CF00006005 /* Stub.swift */ = {isa = PBXFileReference; fileEncoding = 4; lastKnownFileType = sourcecode.swift; path = Stub.swift; sourceTree = "<group>"; };
/* End PBXFileReference section */

/* Begin PBXFrameworksBuildPhase section */
		BE079F371E8D66C700006005 /* Frameworks */ = {
			isa = PBXFrameworksBuildPhase;
			buildActionMask = 2147483647;
			files = (
			);
			runOnlyForDeploymentPostprocessing = 0;
		};
/* End PBXFrameworksBuildPhase section */

/* Begin PBXGroup section */
		BA4CD245A676FF159F6C02FF /* Data Sources */ = {
			isa = PBXGroup;
			children = (
				BA4CD4C7CF66CC5A0F8A871A /* SearchResultsDataSource.swift */,
				BA4CDDD479B094662223B098 /* AlbumListDataSource.swift */,
				BA4CDFB8580766F281D15D1E /* AlbumDetailDataSource.swift */,
			);
			path = "Data Sources";
			sourceTree = "<group>";
		};
		BA4CD464265F48ADE7CD7C2D /* View Models */ = {
			isa = PBXGroup;
			children = (
				BA4CD181AABE944218961907 /* AlbumCellViewModel.swift */,
				BA4CD8A86E6E9ECB3C1967A0 /* AlbumDetailViewModel.swift */,
				BA4CD320A0FB38D27D59C59E /* SongViewModel.swift */,
			);
			path = "View Models";
			sourceTree = "<group>";
		};
		BA4CD71E116257166F85F33A /* Networking */ = {
			isa = PBXGroup;
			children = (
				BA4CDA89E70C507803AE6ADA /* JSONDownloader.swift */,
				BA4CD4BF95E57731BF9DC9E9 /* ITunesError.swift */,
				BA4CD71BDC226D2CAAEDACAC /* ItunesAPIClient.swift */,
				BA4CD062B798D2306C2A02DE /* ArtworkDownloader.swift */,
				BA4CD7F59229994BAF8BAE0F /* PendingOperations.swift */,
			);
			path = Networking;
			sourceTree = "<group>";
		};
		BA4CD9F6AE5CE73CBA5A6FF4 /* Endpoint */ = {
			isa = PBXGroup;
			children = (
				BA4CDB4FC3C376EA822B2D89 /* iTuneMedia.swift */,
				BA4CDC3E14ADFA6EC266E7F5 /* Endpoint.swift */,
				BA4CD20F1F7960A1F533136E /* iTunesEntity.swift */,
				BA4CDAADE516EADDBF95C159 /* QueryItemProvider.swift */,
				BA4CD39B75EEF1EF7E45BEBA /* ItunesAttributes.swift */,
			);
			name = Endpoint;
			sourceTree = "<group>";
		};
		BE079F311E8D66C700006005 = {
			isa = PBXGroup;
			children = (
				BE079F3C1E8D66C700006005 /* iTunesClient */,
				BE079F3B1E8D66C700006005 /* Products */,
			);
			sourceTree = "<group>";
		};
		BE079F3B1E8D66C700006005 /* Products */ = {
			isa = PBXGroup;
			children = (
				BE079F3A1E8D66C700006005 /* iTunesClient.app */,
			);
			name = Products;
			sourceTree = "<group>";
		};
		BE079F3C1E8D66C700006005 /* iTunesClient */ = {
			isa = PBXGroup;
			children = (
				BE079F511E8D66F500006005 /* Controllers */,
				BE079F501E8D66EE00006005 /* Views */,
				BE079F4F1E8D66E800006005 /* Models */,
				BE079F3D1E8D66C700006005 /* AppDelegate.swift */,
				BE079F411E8D66C700006005 /* Main.storyboard */,
				BE079F441E8D66C700006005 /* Assets.xcassets */,
				BE079F461E8D66C700006005 /* LaunchScreen.storyboard */,
				BE079F491E8D66C700006005 /* Info.plist */,
				BA4CD245A676FF159F6C02FF /* Data Sources */,
				BA4CD464265F48ADE7CD7C2D /* View Models */,
				BA4CD71E116257166F85F33A /* Networking */,
			);
			path = iTunesClient;
			sourceTree = "<group>";
		};
		BE079F4F1E8D66E800006005 /* Models */ = {
			isa = PBXGroup;
			children = (
				BE079F521E8D670100006005 /* Artist.swift */,
				BE079F541E8D67B700006005 /* Genre.swift */,
				BE079F561E8D682B00006005 /* Album.swift */,
				BE079F581E8DA2C100006005 /* Song.swift */,
				BE079F5A1E8DA4CF00006005 /* Stub.swift */,
				BA4CD9F6AE5CE73CBA5A6FF4 /* Endpoint */,
			);
			name = Models;
			sourceTree = "<group>";
		};
		BE079F501E8D66EE00006005 /* Views */ = {
			isa = PBXGroup;
			children = (
				BA4CD8390F29F39E355219A9 /* AlbumCell.swift */,
				BA4CDCAFC4287089FCB6792A /* SongCell.swift */,
			);
			name = Views;
			sourceTree = "<group>";
		};
		BE079F511E8D66F500006005 /* Controllers */ = {
			isa = PBXGroup;
			children = (
				BA4CD31107D4EC398A36C345 /* ViewController.swift */,
				BA4CD1FFDB5ADC0E7C539C94 /* SearchResultsController.swift */,
				BA4CD688A087E2F6CBCE8303 /* AlbumListController.swift */,
				BA4CDB42C3ABF6FC5B846016 /* AlbumDetailController.swift */,
			);
			name = Controllers;
			sourceTree = "<group>";
		};
/* End PBXGroup section */

/* Begin PBXNativeTarget section */
		BE079F391E8D66C700006005 /* iTunesClient */ = {
			isa = PBXNativeTarget;
			buildConfigurationList = BE079F4C1E8D66C700006005 /* Build configuration list for PBXNativeTarget "iTunesClient" */;
			buildPhases = (
				BE079F361E8D66C700006005 /* Sources */,
				BE079F371E8D66C700006005 /* Frameworks */,
				BE079F381E8D66C700006005 /* Resources */,
			);
			buildRules = (
			);
			dependencies = (
			);
			name = iTunesClient;
			productName = iTunesClient;
			productReference = BE079F3A1E8D66C700006005 /* iTunesClient.app */;
			productType = "com.apple.product-type.application";
		};
/* End PBXNativeTarget section */

/* Begin PBXProject section */
		BE079F321E8D66C700006005 /* Project object */ = {
			isa = PBXProject;
			attributes = {
				LastSwiftUpdateCheck = 0830;
				LastUpgradeCheck = 0830;
				ORGANIZATIONNAME = "Treehouse Island";
				TargetAttributes = {
					BE079F391E8D66C700006005 = {
						CreatedOnToolsVersion = 8.3;
						DevelopmentTeam = R9E84DX62H;
						ProvisioningStyle = Automatic;
					};
				};
			};
			buildConfigurationList = BE079F351E8D66C700006005 /* Build configuration list for PBXProject "iTunesClient" */;
			compatibilityVersion = "Xcode 3.2";
			developmentRegion = English;
			hasScannedForEncodings = 0;
			knownRegions = (
				en,
				Base,
			);
			mainGroup = BE079F311E8D66C700006005;
			productRefGroup = BE079F3B1E8D66C700006005 /* Products */;
			projectDirPath = "";
			projectRoot = "";
			targets = (
				BE079F391E8D66C700006005 /* iTunesClient */,
			);
		};
/* End PBXProject section */

/* Begin PBXResourcesBuildPhase section */
		BE079F381E8D66C700006005 /* Resources */ = {
			isa = PBXResourcesBuildPhase;
			buildActionMask = 2147483647;
			files = (
				BE079F481E8D66C700006005 /* LaunchScreen.storyboard in Resources */,
				BE079F451E8D66C700006005 /* Assets.xcassets in Resources */,
				BE079F431E8D66C700006005 /* Main.storyboard in Resources */,
			);
			runOnlyForDeploymentPostprocessing = 0;
		};
/* End PBXResourcesBuildPhase section */

/* Begin PBXSourcesBuildPhase section */
		BE079F361E8D66C700006005 /* Sources */ = {
			isa = PBXSourcesBuildPhase;
			buildActionMask = 2147483647;
			files = (
				BE079F591E8DA2C100006005 /* Song.swift in Sources */,
				BE079F531E8D670100006005 /* Artist.swift in Sources */,
				BE079F3E1E8D66C700006005 /* AppDelegate.swift in Sources */,
				BE079F551E8D67B700006005 /* Genre.swift in Sources */,
				BE079F571E8D682B00006005 /* Album.swift in Sources */,
				BE079F5B1E8DA4CF00006005 /* Stub.swift in Sources */,
				BA4CD62FD189C33263501E52 /* ViewController.swift in Sources */,
				BA4CD8EE6FE6C28360E51B4A /* SearchResultsController.swift in Sources */,
				BA4CD5B45B9FC4CB0CC1CE55 /* SearchResultsDataSource.swift in Sources */,
				BA4CD89F02D3CEA28CE35EE9 /* AlbumListController.swift in Sources */,
				BA4CD7B6890834874488D568 /* AlbumCell.swift in Sources */,
				BA4CDCA90796F920A3A72836 /* AlbumListDataSource.swift in Sources */,
				BA4CDD3527DC90047D91AA7A /* AlbumCellViewModel.swift in Sources */,
				BA4CD1F02CFDF4F281AC3F60 /* AlbumDetailController.swift in Sources */,
				BA4CDA6E32C0FB6958F7DB16 /* AlbumDetailViewModel.swift in Sources */,
				BA4CDAE60740D21F2420D94A /* AlbumDetailDataSource.swift in Sources */,
				BA4CDD04F48F5D50211088DC /* SongCell.swift in Sources */,
				BA4CDC17A6575D60F137DC29 /* SongViewModel.swift in Sources */,
				BA4CD2086B4B61B6983603D3 /* iTuneMedia.swift in Sources */,
				BA4CD5108371BE5ED414C356 /* Endpoint.swift in Sources */,
				BA4CD1FCEA90CC95F75F6F26 /* iTunesEntity.swift in Sources */,
				BA4CD3FF0D01462E1E3AE1F4 /* QueryItemProvider.swift in Sources */,
				BA4CD40674189D3EC26B4941 /* ItunesAttributes.swift in Sources */,
				BA4CDE2D3C4A0ACE8093E511 /* JSONDownloader.swift in Sources */,
				BA4CD1E605A77A913A7985EC /* ITunesError.swift in Sources */,
				BA4CD74ADF706E4648185092 /* ItunesAPIClient.swift in Sources */,
				BA4CD1E1B92DF1887CB1AB58 /* ArtworkDownloader.swift in Sources */,
				BA4CDC9ECFF5823F34CEC6E4 /* PendingOperations.swift in Sources */,
			);
			runOnlyForDeploymentPostprocessing = 0;
		};
/* End PBXSourcesBuildPhase section */

/* Begin PBXVariantGroup section */
		BE079F411E8D66C700006005 /* Main.storyboard */ = {
			isa = PBXVariantGroup;
			children = (
				BE079F421E8D66C700006005 /* Base */,
			);
			name = Main.storyboard;
			sourceTree = "<group>";
		};
		BE079F461E8D66C700006005 /* LaunchScreen.storyboard */ = {
			isa = PBXVariantGroup;
			children = (
				BE079F471E8D66C700006005 /* Base */,
			);
			name = LaunchScreen.storyboard;
			sourceTree = "<group>";
		};
/* End PBXVariantGroup section */

/* Begin XCBuildConfiguration section */
		BE079F4A1E8D66C700006005 /* Debug */ = {
			isa = XCBuildConfiguration;
			buildSettings = {
				ALWAYS_SEARCH_USER_PATHS = NO;
				CLANG_ANALYZER_NONNULL = YES;
				CLANG_ANALYZER_NUMBER_OBJECT_CONVERSION = YES_AGGRESSIVE;
				CLANG_CXX_LANGUAGE_STANDARD = "gnu++0x";
				CLANG_CXX_LIBRARY = "libc++";
				CLANG_ENABLE_MODULES = YES;
				CLANG_ENABLE_OBJC_ARC = YES;
				CLANG_WARN_BOOL_CONVERSION = YES;
				CLANG_WARN_CONSTANT_CONVERSION = YES;
				CLANG_WARN_DIRECT_OBJC_ISA_USAGE = YES_ERROR;
				CLANG_WARN_DOCUMENTATION_COMMENTS = YES;
				CLANG_WARN_EMPTY_BODY = YES;
				CLANG_WARN_ENUM_CONVERSION = YES;
				CLANG_WARN_INFINITE_RECURSION = YES;
				CLANG_WARN_INT_CONVERSION = YES;
				CLANG_WARN_OBJC_ROOT_CLASS = YES_ERROR;
				CLANG_WARN_SUSPICIOUS_MOVE = YES;
				CLANG_WARN_UNREACHABLE_CODE = YES;
				CLANG_WARN__DUPLICATE_METHOD_MATCH = YES;
				"CODE_SIGN_IDENTITY[sdk=iphoneos*]" = "iPhone Developer";
				COPY_PHASE_STRIP = NO;
				DEBUG_INFORMATION_FORMAT = dwarf;
				ENABLE_STRICT_OBJC_MSGSEND = YES;
				ENABLE_TESTABILITY = YES;
				GCC_C_LANGUAGE_STANDARD = gnu99;
				GCC_DYNAMIC_NO_PIC = NO;
				GCC_NO_COMMON_BLOCKS = YES;
				GCC_OPTIMIZATION_LEVEL = 0;
				GCC_PREPROCESSOR_DEFINITIONS = (
					"DEBUG=1",
					"$(inherited)",
				);
				GCC_WARN_64_TO_32_BIT_CONVERSION = YES;
				GCC_WARN_ABOUT_RETURN_TYPE = YES_ERROR;
				GCC_WARN_UNDECLARED_SELECTOR = YES;
				GCC_WARN_UNINITIALIZED_AUTOS = YES_AGGRESSIVE;
				GCC_WARN_UNUSED_FUNCTION = YES;
				GCC_WARN_UNUSED_VARIABLE = YES;
				IPHONEOS_DEPLOYMENT_TARGET = 10.3;
				MTL_ENABLE_DEBUG_INFO = YES;
				ONLY_ACTIVE_ARCH = YES;
				SDKROOT = iphoneos;
				SWIFT_ACTIVE_COMPILATION_CONDITIONS = DEBUG;
				SWIFT_OPTIMIZATION_LEVEL = "-Onone";
			};
			name = Debug;
		};
		BE079F4B1E8D66C700006005 /* Release */ = {
			isa = XCBuildConfiguration;
			buildSettings = {
				ALWAYS_SEARCH_USER_PATHS = NO;
				CLANG_ANALYZER_NONNULL = YES;
				CLANG_ANALYZER_NUMBER_OBJECT_CONVERSION = YES_AGGRESSIVE;
				CLANG_CXX_LANGUAGE_STANDARD = "gnu++0x";
				CLANG_CXX_LIBRARY = "libc++";
				CLANG_ENABLE_MODULES = YES;
				CLANG_ENABLE_OBJC_ARC = YES;
				CLANG_WARN_BOOL_CONVERSION = YES;
				CLANG_WARN_CONSTANT_CONVERSION = YES;
				CLANG_WARN_DIRECT_OBJC_ISA_USAGE = YES_ERROR;
				CLANG_WARN_DOCUMENTATION_COMMENTS = YES;
				CLANG_WARN_EMPTY_BODY = YES;
				CLANG_WARN_ENUM_CONVERSION = YES;
				CLANG_WARN_INFINITE_RECURSION = YES;
				CLANG_WARN_INT_CONVERSION = YES;
				CLANG_WARN_OBJC_ROOT_CLASS = YES_ERROR;
				CLANG_WARN_SUSPICIOUS_MOVE = YES;
				CLANG_WARN_UNREACHABLE_CODE = YES;
				CLANG_WARN__DUPLICATE_METHOD_MATCH = YES;
				"CODE_SIGN_IDENTITY[sdk=iphoneos*]" = "iPhone Developer";
				COPY_PHASE_STRIP = NO;
				DEBUG_INFORMATION_FORMAT = "dwarf-with-dsym";
				ENABLE_NS_ASSERTIONS = NO;
				ENABLE_STRICT_OBJC_MSGSEND = YES;
				GCC_C_LANGUAGE_STANDARD = gnu99;
				GCC_NO_COMMON_BLOCKS = YES;
				GCC_WARN_64_TO_32_BIT_CONVERSION = YES;
				GCC_WARN_ABOUT_RETURN_TYPE = YES_ERROR;
				GCC_WARN_UNDECLARED_SELECTOR = YES;
				GCC_WARN_UNINITIALIZED_AUTOS = YES_AGGRESSIVE;
				GCC_WARN_UNUSED_FUNCTION = YES;
				GCC_WARN_UNUSED_VARIABLE = YES;
				IPHONEOS_DEPLOYMENT_TARGET = 10.3;
				MTL_ENABLE_DEBUG_INFO = NO;
				SDKROOT = iphoneos;
				SWIFT_OPTIMIZATION_LEVEL = "-Owholemodule";
				VALIDATE_PRODUCT = YES;
			};
			name = Release;
		};
		BE079F4D1E8D66C700006005 /* Debug */ = {
			isa = XCBuildConfiguration;
			buildSettings = {
				ASSETCATALOG_COMPILER_APPICON_NAME = AppIcon;
				DEVELOPMENT_TEAM = R9E84DX62H;
				INFOPLIST_FILE = iTunesClient/Info.plist;
				LD_RUNPATH_SEARCH_PATHS = "$(inherited) @executable_path/Frameworks";
				PRODUCT_BUNDLE_IDENTIFIER = com.teamtreehouse.iTunesClient;
				PRODUCT_NAME = "$(TARGET_NAME)";
				SWIFT_VERSION = 3.0;
			};
			name = Debug;
		};
		BE079F4E1E8D66C700006005 /* Release */ = {
			isa = XCBuildConfiguration;
			buildSettings = {
				ASSETCATALOG_COMPILER_APPICON_NAME = AppIcon;
				DEVELOPMENT_TEAM = R9E84DX62H;
				INFOPLIST_FILE = iTunesClient/Info.plist;
				LD_RUNPATH_SEARCH_PATHS = "$(inherited) @executable_path/Frameworks";
				PRODUCT_BUNDLE_IDENTIFIER = com.teamtreehouse.iTunesClient;
				PRODUCT_NAME = "$(TARGET_NAME)";
				SWIFT_VERSION = 3.0;
			};
			name = Release;
		};
/* End XCBuildConfiguration section */

/* Begin XCConfigurationList section */
		BE079F351E8D66C700006005 /* Build configuration list for PBXProject "iTunesClient" */ = {
			isa = XCConfigurationList;
			buildConfigurations = (
				BE079F4A1E8D66C700006005 /* Debug */,
				BE079F4B1E8D66C700006005 /* Release */,
			);
			defaultConfigurationIsVisible = 0;
			defaultConfigurationName = Release;
		};
		BE079F4C1E8D66C700006005 /* Build configuration list for PBXNativeTarget "iTunesClient" */ = {
			isa = XCConfigurationList;
			buildConfigurations = (
				BE079F4D1E8D66C700006005 /* Debug */,
				BE079F4E1E8D66C700006005 /* Release */,
			);
			defaultConfigurationIsVisible = 0;
		};
/* End XCConfigurationList section */
	};
	rootObject = BE079F321E8D66C700006005 /* Project object */;
}
